
Microsoft Visual Studio Solution File, Format Version 12.00
# Visual Studio 15
VisualStudioVersion = 15.0.33801.198
MinimumVisualStudioVersion = 10.0.40219.1
Project("{FAE04EC0-301F-11D3-BF4B-00C04F79EFBC}") = "WebApplication1", "WebApplication1\WebApplication1.csproj", "{547A076E-5DC2-43A6-8416-A8EDA1A7773E}"
EndProject
Global
	GlobalSection(SolutionConfigurationPlatforms) = preSolution
		Debug|Any CPU = Debug|Any CPU
		Release|Any CPU = Release|Any CPU
	EndGlobalSection
	GlobalSection(ProjectConfigurationPlatforms) = postSolution
		{547A076E-5DC2-43A6-8416-A8EDA1A7773E}.Debug|Any CPU.ActiveCfg = Debug|Any CPU
		{547A076E-5DC2-43A6-8416-A8EDA1A7773E}.Debug|Any CPU.Build.0 = Debug|Any CPU
		{547A076E-5DC2-43A6-8416-A8EDA1A7773E}.Release|Any CPU.ActiveCfg = Release|Any CPU
		{547A076E-5DC2-43A6-8416-A8EDA1A7773E}.Release|Any CPU.Build.0 = Release|Any CPU
	EndGlobalSection
	GlobalSection(SolutionProperties) = preSolution
		HideSolutionNode = FALSE
	EndGlobalSection
	GlobalSection(ExtensibilityGlobals) = postSolution
		SolutionGuid = {F5C6FE10-F94E-4285-8044-5563D934E473}
	EndGlobalSection
EndGlobal
